
Microsoft Visual Studio Solution File, Format Version 12.00
# Visual Studio Version 17
VisualStudioVersion = 17.10.34916.146
MinimumVisualStudioVersion = 10.0.40219.1
Project("{FAE04EC0-301F-11D3-BF4B-00C04F79EFBC}") = "AccountManagement", "AccountManagement.csproj", "{957D0323-55BB-4C11-9288-4D6F0C21959D}"
EndProject
Global
	GlobalSection(SolutionConfigurationPlatforms) = preSolution
		Debug|Any CPU = Debug|Any CPU
		Release|Any CPU = Release|Any CPU
	EndGlobalSection
	GlobalSection(ProjectConfigurationPlatforms) = postSolution
		{957D0323-55BB-4C11-9288-4D6F0C21959D}.Debug|Any CPU.ActiveCfg = Debug|Any CPU
		{957D0323-55BB-4C11-9288-4D6F0C21959D}.Debug|Any CPU.Build.0 = Debug|Any CPU
		{957D0323-55BB-4C11-9288-4D6F0C21959D}.Release|Any CPU.ActiveCfg = Release|Any CPU
		{957D0323-55BB-4C11-9288-4D6F0C21959D}.Release|Any CPU.Build.0 = Release|Any CPU
	EndGlobalSection
	GlobalSection(SolutionProperties) = preSolution
		HideSolutionNode = FALSE
	EndGlobalSection
	GlobalSection(ExtensibilityGlobals) = postSolution
		SolutionGuid = {61D3F3E5-DE04-48C2-B13E-C6D842D2E93B}
	EndGlobalSection
EndGlobal
